
Microsoft Visual Studio Solution File, Format Version 12.00
# Visual Studio Version 17
VisualStudioVersion = 17.5.33414.496
MinimumVisualStudioVersion = 10.0.40219.1
Project("{FAE04EC0-301F-11D3-BF4B-00C04F79EFBC}") = "Apps_Library", "Apps_Library\Apps_Library.csproj", "{1C1B6E9F-A645-4876-AB0A-DCD4236D16EE}"
EndProject
Global
	GlobalSection(SolutionConfigurationPlatforms) = preSolution
		Debug|Any CPU = Debug|Any CPU
		Release|Any CPU = Release|Any CPU
	EndGlobalSection
	GlobalSection(ProjectConfigurationPlatforms) = postSolution
		{1C1B6E9F-A645-4876-AB0A-DCD4236D16EE}.Debug|Any CPU.ActiveCfg = Debug|Any CPU
		{1C1B6E9F-A645-4876-AB0A-DCD4236D16EE}.Debug|Any CPU.Build.0 = Debug|Any CPU
		{1C1B6E9F-A645-4876-AB0A-DCD4236D16EE}.Release|Any CPU.ActiveCfg = Release|Any CPU
		{1C1B6E9F-A645-4876-AB0A-DCD4236D16EE}.Release|Any CPU.Build.0 = Release|Any CPU
	EndGlobalSection
	GlobalSection(SolutionProperties) = preSolution
		HideSolutionNode = FALSE
	EndGlobalSection
	GlobalSection(ExtensibilityGlobals) = postSolution
		SolutionGuid = {82B51C84-98B3-4C60-8AF5-E402D6501F60}
	EndGlobalSection
EndGlobal
